// !$*UTF8*$!
{
	archiveVersion = 1;
	classes = {
	};
	objectVersion = 50;
	objects = {

/* Begin PBXBuildFile section */
		D60C3AF8251DFAE20090FBDE /* AppDelegate.swift in Sources */ = {isa = PBXBuildFile; fileRef = D60C3AF7251DFAE20090FBDE /* AppDelegate.swift */; };
		D60C3AFA251DFAE20090FBDE /* SceneDelegate.swift in Sources */ = {isa = PBXBuildFile; fileRef = D60C3AF9251DFAE20090FBDE /* SceneDelegate.swift */; };
		D60C3AFF251DFAE20090FBDE /* Main.storyboard in Resources */ = {isa = PBXBuildFile; fileRef = D60C3AFD251DFAE20090FBDE /* Main.storyboard */; };
		D60C3B01251DFAE70090FBDE /* Assets.xcassets in Resources */ = {isa = PBXBuildFile; fileRef = D60C3B00251DFAE70090FBDE /* Assets.xcassets */; };
		D60C3B04251DFAE70090FBDE /* LaunchScreen.storyboard in Resources */ = {isa = PBXBuildFile; fileRef = D60C3B02251DFAE70090FBDE /* LaunchScreen.storyboard */; };
		D60C3B0F251DFAE70090FBDE /* MoviesTests.swift in Sources */ = {isa = PBXBuildFile; fileRef = D60C3B0E251DFAE70090FBDE /* MoviesTests.swift */; };
		D60C3B1A251DFAE70090FBDE /* MoviesUITests.swift in Sources */ = {isa = PBXBuildFile; fileRef = D60C3B19251DFAE70090FBDE /* MoviesUITests.swift */; };
		D60C3B2A251DFD250090FBDE /* HTTPOperation.swift in Sources */ = {isa = PBXBuildFile; fileRef = D60C3B28251DFD240090FBDE /* HTTPOperation.swift */; };
		D60C3B2B251DFD250090FBDE /* Repository.swift in Sources */ = {isa = PBXBuildFile; fileRef = D60C3B29251DFD240090FBDE /* Repository.swift */; };
		D60C3B2F251E00130090FBDE /* NetworkAPIProvider.swift in Sources */ = {isa = PBXBuildFile; fileRef = D60C3B2E251E00130090FBDE /* NetworkAPIProvider.swift */; };
		D67E606E251F163C0039A479 /* ImageCache.swift in Sources */ = {isa = PBXBuildFile; fileRef = D67E606D251F163C0039A479 /* ImageCache.swift */; };
		D67E6085251F33960039A479 /* Movie.swift in Sources */ = {isa = PBXBuildFile; fileRef = D67E607A251F33950039A479 /* Movie.swift */; };
		D67E6086251F33960039A479 /* MovieDetail.swift in Sources */ = {isa = PBXBuildFile; fileRef = D67E607B251F33950039A479 /* MovieDetail.swift */; };
		D67E6087251F33960039A479 /* MovieSearchViewModel.swift in Sources */ = {isa = PBXBuildFile; fileRef = D67E607C251F33950039A479 /* MovieSearchViewModel.swift */; };
		D67E6088251F33960039A479 /* UIViewControllerExtension.swift in Sources */ = {isa = PBXBuildFile; fileRef = D67E607E251F33950039A479 /* UIViewControllerExtension.swift */; };
		D67E6089251F33960039A479 /* UIViewExtensions.swift in Sources */ = {isa = PBXBuildFile; fileRef = D67E607F251F33950039A479 /* UIViewExtensions.swift */; };
		D67E608A251F33960039A479 /* MoviesSearchController.swift in Sources */ = {isa = PBXBuildFile; fileRef = D67E6081251F33950039A479 /* MoviesSearchController.swift */; };
		D67E608B251F33960039A479 /* MovieSearchCollectionViewCell.swift in Sources */ = {isa = PBXBuildFile; fileRef = D67E6083251F33950039A479 /* MovieSearchCollectionViewCell.swift */; };
		D67E608C251F33960039A479 /* ActivityIndicatorView.swift in Sources */ = {isa = PBXBuildFile; fileRef = D67E6084251F33950039A479 /* ActivityIndicatorView.swift */; };
		D67E608E251F33F50039A479 /* MovieDetailViewController.swift in Sources */ = {isa = PBXBuildFile; fileRef = D67E608D251F33F50039A479 /* MovieDetailViewController.swift */; };
		D67E6090251F40450039A479 /* MovieDetailViewModel.swift in Sources */ = {isa = PBXBuildFile; fileRef = D67E608F251F40450039A479 /* MovieDetailViewModel.swift */; };
		D67E6092251F47BB0039A479 /* MovieSearchController.swift in Sources */ = {isa = PBXBuildFile; fileRef = D67E6091251F47BB0039A479 /* MovieSearchController.swift */; };
		D67E6094251F54AD0039A479 /* MovieTableViewCastCell.swift in Sources */ = {isa = PBXBuildFile; fileRef = D67E6093251F54AD0039A479 /* MovieTableViewCastCell.swift */; };
		D67E6096251FAFAB0039A479 /* MovieTableViewRatingCell.swift in Sources */ = {isa = PBXBuildFile; fileRef = D67E6095251FAFAB0039A479 /* MovieTableViewRatingCell.swift */; };
		D67E6098251FB0100039A479 /* MovieTableViewSynopsisCell.swift in Sources */ = {isa = PBXBuildFile; fileRef = D67E6097251FB0100039A479 /* MovieTableViewSynopsisCell.swift */; };
		D67E60A42520872E0039A479 /* ParallaxHeader.swift in Sources */ = {isa = PBXBuildFile; fileRef = D67E60A32520872E0039A479 /* ParallaxHeader.swift */; };
		D6B5F0BD2520B71C003005BF /* StringConstants.swift in Sources */ = {isa = PBXBuildFile; fileRef = D6B5F0BC2520B71C003005BF /* StringConstants.swift */; };
		D6B5F0BF2520D793003005BF /* TableSectionFooterView.swift in Sources */ = {isa = PBXBuildFile; fileRef = D6B5F0BE2520D793003005BF /* TableSectionFooterView.swift */; };
		D6B5F0C12520E91C003005BF /* URLProtocolMock.swift in Sources */ = {isa = PBXBuildFile; fileRef = D6B5F0C02520E91C003005BF /* URLProtocolMock.swift */; };
		D6B5F0C32520EA58003005BF /* HTTPOperationTest.swift in Sources */ = {isa = PBXBuildFile; fileRef = D6B5F0C22520EA58003005BF /* HTTPOperationTest.swift */; };
		D6B5F0C72520EE57003005BF /* search_result in Resources */ = {isa = PBXBuildFile; fileRef = D6B5F0C62520EE57003005BF /* search_result */; };
		D6E0572E2520F1B8002CA4A3 /* RepositoryTests.swift in Sources */ = {isa = PBXBuildFile; fileRef = D6B5F0C42520EC53003005BF /* RepositoryTests.swift */; };
		D6E057302520F90B002CA4A3 /* movie_detail in Resources */ = {isa = PBXBuildFile; fileRef = D6E0572F2520F90B002CA4A3 /* movie_detail */; };
		D6E057322520FB16002CA4A3 /* movie_detail_bad_json in Resources */ = {isa = PBXBuildFile; fileRef = D6E057312520FB16002CA4A3 /* movie_detail_bad_json */; };
		D6E057342521003A002CA4A3 /* MovieSearchViewModelTests.swift in Sources */ = {isa = PBXBuildFile; fileRef = D6E057332521003A002CA4A3 /* MovieSearchViewModelTests.swift */; };
		D6E0573625210590002CA4A3 /* MovieDetailViewModelTest.swift in Sources */ = {isa = PBXBuildFile; fileRef = D6E0573525210590002CA4A3 /* MovieDetailViewModelTest.swift */; };
/* End PBXBuildFile section */

/* Begin PBXContainerItemProxy section */
		D60C3B0B251DFAE70090FBDE /* PBXContainerItemProxy */ = {
			isa = PBXContainerItemProxy;
			containerPortal = D60C3AEC251DFAE20090FBDE /* Project object */;
			proxyType = 1;
			remoteGlobalIDString = D60C3AF3251DFAE20090FBDE;
			remoteInfo = Movies;
		};
		D60C3B16251DFAE70090FBDE /* PBXContainerItemProxy */ = {
			isa = PBXContainerItemProxy;
			containerPortal = D60C3AEC251DFAE20090FBDE /* Project object */;
			proxyType = 1;
			remoteGlobalIDString = D60C3AF3251DFAE20090FBDE;
			remoteInfo = Movies;
		};
/* End PBXContainerItemProxy section */

/* Begin PBXFileReference section */
		D60C3AF4251DFAE20090FBDE /* Movies.app */ = {isa = PBXFileReference; explicitFileType = wrapper.application; includeInIndex = 0; path = Movies.app; sourceTree = BUILT_PRODUCTS_DIR; };
		D60C3AF7251DFAE20090FBDE /* AppDelegate.swift */ = {isa = PBXFileReference; lastKnownFileType = sourcecode.swift; path = AppDelegate.swift; sourceTree = "<group>"; };
		D60C3AF9251DFAE20090FBDE /* SceneDelegate.swift */ = {isa = PBXFileReference; lastKnownFileType = sourcecode.swift; path = SceneDelegate.swift; sourceTree = "<group>"; };
		D60C3AFE251DFAE20090FBDE /* Base */ = {isa = PBXFileReference; lastKnownFileType = file.storyboard; name = Base; path = Base.lproj/Main.storyboard; sourceTree = "<group>"; };
		D60C3B00251DFAE70090FBDE /* Assets.xcassets */ = {isa = PBXFileReference; lastKnownFileType = folder.assetcatalog; path = Assets.xcassets; sourceTree = "<group>"; };
		D60C3B03251DFAE70090FBDE /* Base */ = {isa = PBXFileReference; lastKnownFileType = file.storyboard; name = Base; path = Base.lproj/LaunchScreen.storyboard; sourceTree = "<group>"; };
		D60C3B05251DFAE70090FBDE /* Info.plist */ = {isa = PBXFileReference; lastKnownFileType = text.plist.xml; path = Info.plist; sourceTree = "<group>"; };
		D60C3B0A251DFAE70090FBDE /* MoviesTests.xctest */ = {isa = PBXFileReference; explicitFileType = wrapper.cfbundle; includeInIndex = 0; path = MoviesTests.xctest; sourceTree = BUILT_PRODUCTS_DIR; };
		D60C3B0E251DFAE70090FBDE /* MoviesTests.swift */ = {isa = PBXFileReference; lastKnownFileType = sourcecode.swift; path = MoviesTests.swift; sourceTree = "<group>"; };
		D60C3B10251DFAE70090FBDE /* Info.plist */ = {isa = PBXFileReference; lastKnownFileType = text.plist.xml; path = Info.plist; sourceTree = "<group>"; };
		D60C3B15251DFAE70090FBDE /* MoviesUITests.xctest */ = {isa = PBXFileReference; explicitFileType = wrapper.cfbundle; includeInIndex = 0; path = MoviesUITests.xctest; sourceTree = BUILT_PRODUCTS_DIR; };
		D60C3B19251DFAE70090FBDE /* MoviesUITests.swift */ = {isa = PBXFileReference; lastKnownFileType = sourcecode.swift; path = MoviesUITests.swift; sourceTree = "<group>"; };
		D60C3B1B251DFAE70090FBDE /* Info.plist */ = {isa = PBXFileReference; lastKnownFileType = text.plist.xml; path = Info.plist; sourceTree = "<group>"; };
		D60C3B28251DFD240090FBDE /* HTTPOperation.swift */ = {isa = PBXFileReference; fileEncoding = 4; lastKnownFileType = sourcecode.swift; path = HTTPOperation.swift; sourceTree = "<group>"; };
		D60C3B29251DFD240090FBDE /* Repository.swift */ = {isa = PBXFileReference; fileEncoding = 4; lastKnownFileType = sourcecode.swift; path = Repository.swift; sourceTree = "<group>"; };
		D60C3B2E251E00130090FBDE /* NetworkAPIProvider.swift */ = {isa = PBXFileReference; lastKnownFileType = sourcecode.swift; path = NetworkAPIProvider.swift; sourceTree = "<group>"; };
		D67E606D251F163C0039A479 /* ImageCache.swift */ = {isa = PBXFileReference; lastKnownFileType = sourcecode.swift; path = ImageCache.swift; sourceTree = "<group>"; };
		D67E607A251F33950039A479 /* Movie.swift */ = {isa = PBXFileReference; fileEncoding = 4; lastKnownFileType = sourcecode.swift; path = Movie.swift; sourceTree = "<group>"; };
		D67E607B251F33950039A479 /* MovieDetail.swift */ = {isa = PBXFileReference; fileEncoding = 4; lastKnownFileType = sourcecode.swift; path = MovieDetail.swift; sourceTree = "<group>"; };
		D67E607C251F33950039A479 /* MovieSearchViewModel.swift */ = {isa = PBXFileReference; fileEncoding = 4; lastKnownFileType = sourcecode.swift; path = MovieSearchViewModel.swift; sourceTree = "<group>"; };
		D67E607E251F33950039A479 /* UIViewControllerExtension.swift */ = {isa = PBXFileReference; fileEncoding = 4; lastKnownFileType = sourcecode.swift; path = UIViewControllerExtension.swift; sourceTree = "<group>"; };
		D67E607F251F33950039A479 /* UIViewExtensions.swift */ = {isa = PBXFileReference; fileEncoding = 4; lastKnownFileType = sourcecode.swift; path = UIViewExtensions.swift; sourceTree = "<group>"; };
		D67E6081251F33950039A479 /* MoviesSearchController.swift */ = {isa = PBXFileReference; fileEncoding = 4; lastKnownFileType = sourcecode.swift; path = MoviesSearchController.swift; sourceTree = "<group>"; };
		D67E6083251F33950039A479 /* MovieSearchCollectionViewCell.swift */ = {isa = PBXFileReference; fileEncoding = 4; lastKnownFileType = sourcecode.swift; path = MovieSearchCollectionViewCell.swift; sourceTree = "<group>"; };
		D67E6084251F33950039A479 /* ActivityIndicatorView.swift */ = {isa = PBXFileReference; fileEncoding = 4; lastKnownFileType = sourcecode.swift; path = ActivityIndicatorView.swift; sourceTree = "<group>"; };
		D67E608D251F33F50039A479 /* MovieDetailViewController.swift */ = {isa = PBXFileReference; lastKnownFileType = sourcecode.swift; path = MovieDetailViewController.swift; sourceTree = "<group>"; };
		D67E608F251F40450039A479 /* MovieDetailViewModel.swift */ = {isa = PBXFileReference; lastKnownFileType = sourcecode.swift; path = MovieDetailViewModel.swift; sourceTree = "<group>"; };
		D67E6091251F47BB0039A479 /* MovieSearchController.swift */ = {isa = PBXFileReference; lastKnownFileType = sourcecode.swift; path = MovieSearchController.swift; sourceTree = "<group>"; };
		D67E6093251F54AD0039A479 /* MovieTableViewCastCell.swift */ = {isa = PBXFileReference; lastKnownFileType = sourcecode.swift; path = MovieTableViewCastCell.swift; sourceTree = "<group>"; };
		D67E6095251FAFAB0039A479 /* MovieTableViewRatingCell.swift */ = {isa = PBXFileReference; lastKnownFileType = sourcecode.swift; path = MovieTableViewRatingCell.swift; sourceTree = "<group>"; };
		D67E6097251FB0100039A479 /* MovieTableViewSynopsisCell.swift */ = {isa = PBXFileReference; lastKnownFileType = sourcecode.swift; path = MovieTableViewSynopsisCell.swift; sourceTree = "<group>"; };
		D67E60A32520872E0039A479 /* ParallaxHeader.swift */ = {isa = PBXFileReference; fileEncoding = 4; lastKnownFileType = sourcecode.swift; path = ParallaxHeader.swift; sourceTree = "<group>"; };
		D6B5F0BC2520B71C003005BF /* StringConstants.swift */ = {isa = PBXFileReference; lastKnownFileType = sourcecode.swift; path = StringConstants.swift; sourceTree = "<group>"; };
		D6B5F0BE2520D793003005BF /* TableSectionFooterView.swift */ = {isa = PBXFileReference; lastKnownFileType = sourcecode.swift; path = TableSectionFooterView.swift; sourceTree = "<group>"; };
		D6B5F0C02520E91C003005BF /* URLProtocolMock.swift */ = {isa = PBXFileReference; lastKnownFileType = sourcecode.swift; path = URLProtocolMock.swift; sourceTree = "<group>"; };
		D6B5F0C22520EA58003005BF /* HTTPOperationTest.swift */ = {isa = PBXFileReference; lastKnownFileType = sourcecode.swift; path = HTTPOperationTest.swift; sourceTree = "<group>"; };
		D6B5F0C42520EC53003005BF /* RepositoryTests.swift */ = {isa = PBXFileReference; lastKnownFileType = sourcecode.swift; path = RepositoryTests.swift; sourceTree = "<group>"; };
		D6B5F0C62520EE57003005BF /* search_result */ = {isa = PBXFileReference; fileEncoding = 4; lastKnownFileType = text; path = search_result; sourceTree = "<group>"; };
		D6E0572F2520F90B002CA4A3 /* movie_detail */ = {isa = PBXFileReference; fileEncoding = 4; lastKnownFileType = text; path = movie_detail; sourceTree = "<group>"; };
		D6E057312520FB16002CA4A3 /* movie_detail_bad_json */ = {isa = PBXFileReference; fileEncoding = 4; lastKnownFileType = text; path = movie_detail_bad_json; sourceTree = "<group>"; };
		D6E057332521003A002CA4A3 /* MovieSearchViewModelTests.swift */ = {isa = PBXFileReference; lastKnownFileType = sourcecode.swift; path = MovieSearchViewModelTests.swift; sourceTree = "<group>"; };
		D6E0573525210590002CA4A3 /* MovieDetailViewModelTest.swift */ = {isa = PBXFileReference; lastKnownFileType = sourcecode.swift; path = MovieDetailViewModelTest.swift; sourceTree = "<group>"; };
/* End PBXFileReference section */

/* Begin PBXFrameworksBuildPhase section */
		D60C3AF1251DFAE20090FBDE /* Frameworks */ = {
			isa = PBXFrameworksBuildPhase;
			buildActionMask = 2147483647;
			files = (
			);
			runOnlyForDeploymentPostprocessing = 0;
		};
		D60C3B07251DFAE70090FBDE /* Frameworks */ = {
			isa = PBXFrameworksBuildPhase;
			buildActionMask = 2147483647;
			files = (
			);
			runOnlyForDeploymentPostprocessing = 0;
		};
		D60C3B12251DFAE70090FBDE /* Frameworks */ = {
			isa = PBXFrameworksBuildPhase;
			buildActionMask = 2147483647;
			files = (
			);
			runOnlyForDeploymentPostprocessing = 0;
		};
/* End PBXFrameworksBuildPhase section */

/* Begin PBXGroup section */
		D60C3AEB251DFAE20090FBDE = {
			isa = PBXGroup;
			children = (
				D60C3AF6251DFAE20090FBDE /* Movies */,
				D60C3B0D251DFAE70090FBDE /* MoviesTests */,
				D60C3B18251DFAE70090FBDE /* MoviesUITests */,
				D60C3AF5251DFAE20090FBDE /* Products */,
			);
			sourceTree = "<group>";
		};
		D60C3AF5251DFAE20090FBDE /* Products */ = {
			isa = PBXGroup;
			children = (
				D60C3AF4251DFAE20090FBDE /* Movies.app */,
				D60C3B0A251DFAE70090FBDE /* MoviesTests.xctest */,
				D60C3B15251DFAE70090FBDE /* MoviesUITests.xctest */,
			);
			name = Products;
			sourceTree = "<group>";
		};
		D60C3AF6251DFAE20090FBDE /* Movies */ = {
			isa = PBXGroup;
			children = (
				D67E6080251F33950039A479 /* Controller */,
				D67E607D251F33950039A479 /* Extension */,
				D67E6079251F33950039A479 /* Model */,
				D67E6082251F33950039A479 /* UI */,
				D60C3B27251DFD070090FBDE /* Server */,
				D60C3AF7251DFAE20090FBDE /* AppDelegate.swift */,
				D60C3AF9251DFAE20090FBDE /* SceneDelegate.swift */,
				D60C3AFD251DFAE20090FBDE /* Main.storyboard */,
				D60C3B00251DFAE70090FBDE /* Assets.xcassets */,
				D60C3B02251DFAE70090FBDE /* LaunchScreen.storyboard */,
				D60C3B05251DFAE70090FBDE /* Info.plist */,
				D67E606D251F163C0039A479 /* ImageCache.swift */,
				D6B5F0BC2520B71C003005BF /* StringConstants.swift */,
			);
			path = Movies;
			sourceTree = "<group>";
		};
		D60C3B0D251DFAE70090FBDE /* MoviesTests */ = {
			isa = PBXGroup;
			children = (
				D6E057312520FB16002CA4A3 /* movie_detail_bad_json */,
				D6B5F0C62520EE57003005BF /* search_result */,
				D6E0572F2520F90B002CA4A3 /* movie_detail */,
				D60C3B0E251DFAE70090FBDE /* MoviesTests.swift */,
				D60C3B10251DFAE70090FBDE /* Info.plist */,
				D6B5F0C02520E91C003005BF /* URLProtocolMock.swift */,
				D6B5F0C22520EA58003005BF /* HTTPOperationTest.swift */,
				D6B5F0C42520EC53003005BF /* RepositoryTests.swift */,
				D6E057332521003A002CA4A3 /* MovieSearchViewModelTests.swift */,
				D6E0573525210590002CA4A3 /* MovieDetailViewModelTest.swift */,
			);
			path = MoviesTests;
			sourceTree = "<group>";
		};
		D60C3B18251DFAE70090FBDE /* MoviesUITests */ = {
			isa = PBXGroup;
			children = (
				D60C3B19251DFAE70090FBDE /* MoviesUITests.swift */,
				D60C3B1B251DFAE70090FBDE /* Info.plist */,
			);
			path = MoviesUITests;
			sourceTree = "<group>";
		};
		D60C3B27251DFD070090FBDE /* Server */ = {
			isa = PBXGroup;
			children = (
				D60C3B28251DFD240090FBDE /* HTTPOperation.swift */,
				D60C3B29251DFD240090FBDE /* Repository.swift */,
				D60C3B2E251E00130090FBDE /* NetworkAPIProvider.swift */,
			);
			path = Server;
			sourceTree = "<group>";
		};
		D67E6079251F33950039A479 /* Model */ = {
			isa = PBXGroup;
			children = (
				D67E607A251F33950039A479 /* Movie.swift */,
				D67E607B251F33950039A479 /* MovieDetail.swift */,
				D67E607C251F33950039A479 /* MovieSearchViewModel.swift */,
				D67E608F251F40450039A479 /* MovieDetailViewModel.swift */,
			);
			path = Model;
			sourceTree = "<group>";
		};
		D67E607D251F33950039A479 /* Extension */ = {
			isa = PBXGroup;
			children = (
				D67E607E251F33950039A479 /* UIViewControllerExtension.swift */,
				D67E607F251F33950039A479 /* UIViewExtensions.swift */,
			);
			path = Extension;
			sourceTree = "<group>";
		};
		D67E6080251F33950039A479 /* Controller */ = {
			isa = PBXGroup;
			children = (
				D67E6081251F33950039A479 /* MoviesSearchController.swift */,
				D67E608D251F33F50039A479 /* MovieDetailViewController.swift */,
				D67E6091251F47BB0039A479 /* MovieSearchController.swift */,
			);
			path = Controller;
			sourceTree = "<group>";
		};
		D67E6082251F33950039A479 /* UI */ = {
			isa = PBXGroup;
			children = (
				D67E60A32520872E0039A479 /* ParallaxHeader.swift */,
				D67E6083251F33950039A479 /* MovieSearchCollectionViewCell.swift */,
				D67E6084251F33950039A479 /* ActivityIndicatorView.swift */,
				D67E6093251F54AD0039A479 /* MovieTableViewCastCell.swift */,
				D67E6095251FAFAB0039A479 /* MovieTableViewRatingCell.swift */,
				D67E6097251FB0100039A479 /* MovieTableViewSynopsisCell.swift */,
				D6B5F0BE2520D793003005BF /* TableSectionFooterView.swift */,
			);
			path = UI;
			sourceTree = "<group>";
		};
/* End PBXGroup section */

/* Begin PBXNativeTarget section */
		D60C3AF3251DFAE20090FBDE /* Movies */ = {
			isa = PBXNativeTarget;
			buildConfigurationList = D60C3B1E251DFAE70090FBDE /* Build configuration list for PBXNativeTarget "Movies" */;
			buildPhases = (
				D60C3AF0251DFAE20090FBDE /* Sources */,
				D60C3AF1251DFAE20090FBDE /* Frameworks */,
				D60C3AF2251DFAE20090FBDE /* Resources */,
			);
			buildRules = (
			);
			dependencies = (
			);
			name = Movies;
			productName = Movies;
			productReference = D60C3AF4251DFAE20090FBDE /* Movies.app */;
			productType = "com.apple.product-type.application";
		};
		D60C3B09251DFAE70090FBDE /* MoviesTests */ = {
			isa = PBXNativeTarget;
			buildConfigurationList = D60C3B21251DFAE70090FBDE /* Build configuration list for PBXNativeTarget "MoviesTests" */;
			buildPhases = (
				D60C3B06251DFAE70090FBDE /* Sources */,
				D60C3B07251DFAE70090FBDE /* Frameworks */,
				D60C3B08251DFAE70090FBDE /* Resources */,
			);
			buildRules = (
			);
			dependencies = (
				D60C3B0C251DFAE70090FBDE /* PBXTargetDependency */,
			);
			name = MoviesTests;
			productName = MoviesTests;
			productReference = D60C3B0A251DFAE70090FBDE /* MoviesTests.xctest */;
			productType = "com.apple.product-type.bundle.unit-test";
		};
		D60C3B14251DFAE70090FBDE /* MoviesUITests */ = {
			isa = PBXNativeTarget;
			buildConfigurationList = D60C3B24251DFAE70090FBDE /* Build configuration list for PBXNativeTarget "MoviesUITests" */;
			buildPhases = (
				D60C3B11251DFAE70090FBDE /* Sources */,
				D60C3B12251DFAE70090FBDE /* Frameworks */,
				D60C3B13251DFAE70090FBDE /* Resources */,
			);
			buildRules = (
			);
			dependencies = (
				D60C3B17251DFAE70090FBDE /* PBXTargetDependency */,
			);
			name = MoviesUITests;
			productName = MoviesUITests;
			productReference = D60C3B15251DFAE70090FBDE /* MoviesUITests.xctest */;
			productType = "com.apple.product-type.bundle.ui-testing";
		};
/* End PBXNativeTarget section */

/* Begin PBXProject section */
		D60C3AEC251DFAE20090FBDE /* Project object */ = {
			isa = PBXProject;
			attributes = {
				LastSwiftUpdateCheck = 1170;
				LastUpgradeCheck = 1170;
				ORGANIZATIONNAME = "Anshul Jain";
				TargetAttributes = {
					D60C3AF3251DFAE20090FBDE = {
						CreatedOnToolsVersion = 11.7;
					};
					D60C3B09251DFAE70090FBDE = {
						CreatedOnToolsVersion = 11.7;
						TestTargetID = D60C3AF3251DFAE20090FBDE;
					};
					D60C3B14251DFAE70090FBDE = {
						CreatedOnToolsVersion = 11.7;
						TestTargetID = D60C3AF3251DFAE20090FBDE;
					};
				};
			};
			buildConfigurationList = D60C3AEF251DFAE20090FBDE /* Build configuration list for PBXProject "Movies" */;
			compatibilityVersion = "Xcode 9.3";
			developmentRegion = en;
			hasScannedForEncodings = 0;
			knownRegions = (
				en,
				Base,
			);
			mainGroup = D60C3AEB251DFAE20090FBDE;
			productRefGroup = D60C3AF5251DFAE20090FBDE /* Products */;
			projectDirPath = "";
			projectRoot = "";
			targets = (
				D60C3AF3251DFAE20090FBDE /* Movies */,
				D60C3B09251DFAE70090FBDE /* MoviesTests */,
				D60C3B14251DFAE70090FBDE /* MoviesUITests */,
			);
		};
/* End PBXProject section */

/* Begin PBXResourcesBuildPhase section */
		D60C3AF2251DFAE20090FBDE /* Resources */ = {
			isa = PBXResourcesBuildPhase;
			buildActionMask = 2147483647;
			files = (
				D60C3B04251DFAE70090FBDE /* LaunchScreen.storyboard in Resources */,
				D60C3B01251DFAE70090FBDE /* Assets.xcassets in Resources */,
				D60C3AFF251DFAE20090FBDE /* Main.storyboard in Resources */,
			);
			runOnlyForDeploymentPostprocessing = 0;
		};
		D60C3B08251DFAE70090FBDE /* Resources */ = {
			isa = PBXResourcesBuildPhase;
			buildActionMask = 2147483647;
			files = (
				D6E057302520F90B002CA4A3 /* movie_detail in Resources */,
				D6B5F0C72520EE57003005BF /* search_result in Resources */,
				D6E057322520FB16002CA4A3 /* movie_detail_bad_json in Resources */,
			);
			runOnlyForDeploymentPostprocessing = 0;
		};
		D60C3B13251DFAE70090FBDE /* Resources */ = {
			isa = PBXResourcesBuildPhase;
			buildActionMask = 2147483647;
			files = (
			);
			runOnlyForDeploymentPostprocessing = 0;
		};
/* End PBXResourcesBuildPhase section */

/* Begin PBXSourcesBuildPhase section */
		D60C3AF0251DFAE20090FBDE /* Sources */ = {
			isa = PBXSourcesBuildPhase;
			buildActionMask = 2147483647;
			files = (
				D6B5F0BF2520D793003005BF /* TableSectionFooterView.swift in Sources */,
				D67E6098251FB0100039A479 /* MovieTableViewSynopsisCell.swift in Sources */,
				D67E6089251F33960039A479 /* UIViewExtensions.swift in Sources */,
				D67E6092251F47BB0039A479 /* MovieSearchController.swift in Sources */,
				D67E608B251F33960039A479 /* MovieSearchCollectionViewCell.swift in Sources */,
				D67E6085251F33960039A479 /* Movie.swift in Sources */,
				D67E606E251F163C0039A479 /* ImageCache.swift in Sources */,
				D67E6090251F40450039A479 /* MovieDetailViewModel.swift in Sources */,
				D67E6088251F33960039A479 /* UIViewControllerExtension.swift in Sources */,
				D60C3B2B251DFD250090FBDE /* Repository.swift in Sources */,
				D67E608E251F33F50039A479 /* MovieDetailViewController.swift in Sources */,
				D60C3AF8251DFAE20090FBDE /* AppDelegate.swift in Sources */,
				D60C3AFA251DFAE20090FBDE /* SceneDelegate.swift in Sources */,
				D6B5F0BD2520B71C003005BF /* StringConstants.swift in Sources */,
				D67E6087251F33960039A479 /* MovieSearchViewModel.swift in Sources */,
				D67E608A251F33960039A479 /* MoviesSearchController.swift in Sources */,
				D67E6094251F54AD0039A479 /* MovieTableViewCastCell.swift in Sources */,
				D67E6096251FAFAB0039A479 /* MovieTableViewRatingCell.swift in Sources */,
				D60C3B2F251E00130090FBDE /* NetworkAPIProvider.swift in Sources */,
				D60C3B2A251DFD250090FBDE /* HTTPOperation.swift in Sources */,
				D67E60A42520872E0039A479 /* ParallaxHeader.swift in Sources */,
				D67E6086251F33960039A479 /* MovieDetail.swift in Sources */,
				D67E608C251F33960039A479 /* ActivityIndicatorView.swift in Sources */,
			);
			runOnlyForDeploymentPostprocessing = 0;
		};
		D60C3B06251DFAE70090FBDE /* Sources */ = {
			isa = PBXSourcesBuildPhase;
			buildActionMask = 2147483647;
			files = (
				D6B5F0C32520EA58003005BF /* HTTPOperationTest.swift in Sources */,
				D6E057342521003A002CA4A3 /* MovieSearchViewModelTests.swift in Sources */,
				D60C3B0F251DFAE70090FBDE /* MoviesTests.swift in Sources */,
				D6B5F0C12520E91C003005BF /* URLProtocolMock.swift in Sources */,
				D6E0573625210590002CA4A3 /* MovieDetailViewModelTest.swift in Sources */,
				D6E0572E2520F1B8002CA4A3 /* RepositoryTests.swift in Sources */,
			);
			runOnlyForDeploymentPostprocessing = 0;
		};
		D60C3B11251DFAE70090FBDE /* Sources */ = {
			isa = PBXSourcesBuildPhase;
			buildActionMask = 2147483647;
			files = (
				D60C3B1A251DFAE70090FBDE /* MoviesUITests.swift in Sources */,
			);
			runOnlyForDeploymentPostprocessing = 0;
		};
/* End PBXSourcesBuildPhase section */

/* Begin PBXTargetDependency section */
		D60C3B0C251DFAE70090FBDE /* PBXTargetDependency */ = {
			isa = PBXTargetDependency;
			target = D60C3AF3251DFAE20090FBDE /* Movies */;
			targetProxy = D60C3B0B251DFAE70090FBDE /* PBXContainerItemProxy */;
		};
		D60C3B17251DFAE70090FBDE /* PBXTargetDependency */ = {
			isa = PBXTargetDependency;
			target = D60C3AF3251DFAE20090FBDE /* Movies */;
			targetProxy = D60C3B16251DFAE70090FBDE /* PBXContainerItemProxy */;
		};
/* End PBXTargetDependency section */

/* Begin PBXVariantGroup section */
		D60C3AFD251DFAE20090FBDE /* Main.storyboard */ = {
			isa = PBXVariantGroup;
			children = (
				D60C3AFE251DFAE20090FBDE /* Base */,
			);
			name = Main.storyboard;
			sourceTree = "<group>";
		};
		D60C3B02251DFAE70090FBDE /* LaunchScreen.storyboard */ = {
			isa = PBXVariantGroup;
			children = (
				D60C3B03251DFAE70090FBDE /* Base */,
			);
			name = LaunchScreen.storyboard;
			sourceTree = "<group>";
		};
/* End PBXVariantGroup section */

/* Begin XCBuildConfiguration section */
		D60C3B1C251DFAE70090FBDE /* Debug */ = {
			isa = XCBuildConfiguration;
			buildSettings = {
				ALWAYS_SEARCH_USER_PATHS = NO;
				CLANG_ANALYZER_NONNULL = YES;
				CLANG_ANALYZER_NUMBER_OBJECT_CONVERSION = YES_AGGRESSIVE;
				CLANG_CXX_LANGUAGE_STANDARD = "gnu++14";
				CLANG_CXX_LIBRARY = "libc++";
				CLANG_ENABLE_MODULES = YES;
				CLANG_ENABLE_OBJC_ARC = YES;
				CLANG_ENABLE_OBJC_WEAK = YES;
				CLANG_WARN_BLOCK_CAPTURE_AUTORELEASING = YES;
				CLANG_WARN_BOOL_CONVERSION = YES;
				CLANG_WARN_COMMA = YES;
				CLANG_WARN_CONSTANT_CONVERSION = YES;
				CLANG_WARN_DEPRECATED_OBJC_IMPLEMENTATIONS = YES;
				CLANG_WARN_DIRECT_OBJC_ISA_USAGE = YES_ERROR;
				CLANG_WARN_DOCUMENTATION_COMMENTS = YES;
				CLANG_WARN_EMPTY_BODY = YES;
				CLANG_WARN_ENUM_CONVERSION = YES;
				CLANG_WARN_INFINITE_RECURSION = YES;
				CLANG_WARN_INT_CONVERSION = YES;
				CLANG_WARN_NON_LITERAL_NULL_CONVERSION = YES;
				CLANG_WARN_OBJC_IMPLICIT_RETAIN_SELF = YES;
				CLANG_WARN_OBJC_LITERAL_CONVERSION = YES;
				CLANG_WARN_OBJC_ROOT_CLASS = YES_ERROR;
				CLANG_WARN_RANGE_LOOP_ANALYSIS = YES;
				CLANG_WARN_STRICT_PROTOTYPES = YES;
				CLANG_WARN_SUSPICIOUS_MOVE = YES;
				CLANG_WARN_UNGUARDED_AVAILABILITY = YES_AGGRESSIVE;
				CLANG_WARN_UNREACHABLE_CODE = YES;
				CLANG_WARN__DUPLICATE_METHOD_MATCH = YES;
				COPY_PHASE_STRIP = NO;
				DEBUG_INFORMATION_FORMAT = dwarf;
				ENABLE_STRICT_OBJC_MSGSEND = YES;
				ENABLE_TESTABILITY = YES;
				GCC_C_LANGUAGE_STANDARD = gnu11;
				GCC_DYNAMIC_NO_PIC = NO;
				GCC_NO_COMMON_BLOCKS = YES;
				GCC_OPTIMIZATION_LEVEL = 0;
				GCC_PREPROCESSOR_DEFINITIONS = (
					"DEBUG=1",
					"$(inherited)",
				);
				GCC_WARN_64_TO_32_BIT_CONVERSION = YES;
				GCC_WARN_ABOUT_RETURN_TYPE = YES_ERROR;
				GCC_WARN_UNDECLARED_SELECTOR = YES;
				GCC_WARN_UNINITIALIZED_AUTOS = YES_AGGRESSIVE;
				GCC_WARN_UNUSED_FUNCTION = YES;
				GCC_WARN_UNUSED_VARIABLE = YES;
				IPHONEOS_DEPLOYMENT_TARGET = 13.7;
				MTL_ENABLE_DEBUG_INFO = INCLUDE_SOURCE;
				MTL_FAST_MATH = YES;
				ONLY_ACTIVE_ARCH = YES;
				SDKROOT = iphoneos;
				SWIFT_ACTIVE_COMPILATION_CONDITIONS = DEBUG;
				SWIFT_OPTIMIZATION_LEVEL = "-Onone";
			};
			name = Debug;
		};
		D60C3B1D251DFAE70090FBDE /* Release */ = {
			isa = XCBuildConfiguration;
			buildSettings = {
				ALWAYS_SEARCH_USER_PATHS = NO;
				CLANG_ANALYZER_NONNULL = YES;
				CLANG_ANALYZER_NUMBER_OBJECT_CONVERSION = YES_AGGRESSIVE;
				CLANG_CXX_LANGUAGE_STANDARD = "gnu++14";
				CLANG_CXX_LIBRARY = "libc++";
				CLANG_ENABLE_MODULES = YES;
				CLANG_ENABLE_OBJC_ARC = YES;
				CLANG_ENABLE_OBJC_WEAK = YES;
				CLANG_WARN_BLOCK_CAPTURE_AUTORELEASING = YES;
				CLANG_WARN_BOOL_CONVERSION = YES;
				CLANG_WARN_COMMA = YES;
				CLANG_WARN_CONSTANT_CONVERSION = YES;
				CLANG_WARN_DEPRECATED_OBJC_IMPLEMENTATIONS = YES;
				CLANG_WARN_DIRECT_OBJC_ISA_USAGE = YES_ERROR;
				CLANG_WARN_DOCUMENTATION_COMMENTS = YES;
				CLANG_WARN_EMPTY_BODY = YES;
				CLANG_WARN_ENUM_CONVERSION = YES;
				CLANG_WARN_INFINITE_RECURSION = YES;
				CLANG_WARN_INT_CONVERSION = YES;
				CLANG_WARN_NON_LITERAL_NULL_CONVERSION = YES;
				CLANG_WARN_OBJC_IMPLICIT_RETAIN_SELF = YES;
				CLANG_WARN_OBJC_LITERAL_CONVERSION = YES;
				CLANG_WARN_OBJC_ROOT_CLASS = YES_ERROR;
				CLANG_WARN_RANGE_LOOP_ANALYSIS = YES;
				CLANG_WARN_STRICT_PROTOTYPES = YES;
				CLANG_WARN_SUSPICIOUS_MOVE = YES;
				CLANG_WARN_UNGUARDED_AVAILABILITY = YES_AGGRESSIVE;
				CLANG_WARN_UNREACHABLE_CODE = YES;
				CLANG_WARN__DUPLICATE_METHOD_MATCH = YES;
				COPY_PHASE_STRIP = NO;
				DEBUG_INFORMATION_FORMAT = "dwarf-with-dsym";
				ENABLE_NS_ASSERTIONS = NO;
				ENABLE_STRICT_OBJC_MSGSEND = YES;
				GCC_C_LANGUAGE_STANDARD = gnu11;
				GCC_NO_COMMON_BLOCKS = YES;
				GCC_WARN_64_TO_32_BIT_CONVERSION = YES;
				GCC_WARN_ABOUT_RETURN_TYPE = YES_ERROR;
				GCC_WARN_UNDECLARED_SELECTOR = YES;
				GCC_WARN_UNINITIALIZED_AUTOS = YES_AGGRESSIVE;
				GCC_WARN_UNUSED_FUNCTION = YES;
				GCC_WARN_UNUSED_VARIABLE = YES;
				IPHONEOS_DEPLOYMENT_TARGET = 13.7;
				MTL_ENABLE_DEBUG_INFO = NO;
				MTL_FAST_MATH = YES;
				SDKROOT = iphoneos;
				SWIFT_COMPILATION_MODE = wholemodule;
				SWIFT_OPTIMIZATION_LEVEL = "-O";
				VALIDATE_PRODUCT = YES;
			};
			name = Release;
		};
		D60C3B1F251DFAE70090FBDE /* Debug */ = {
			isa = XCBuildConfiguration;
			buildSettings = {
				ASSETCATALOG_COMPILER_APPICON_NAME = AppIcon;
				CODE_SIGN_STYLE = Automatic;
				DEVELOPMENT_TEAM = C98H7G22TM;
				INFOPLIST_FILE = Movies/Info.plist;
				IPHONEOS_DEPLOYMENT_TARGET = 13.0;
				LD_RUNPATH_SEARCH_PATHS = (
					"$(inherited)",
					"@executable_path/Frameworks",
				);
				PRODUCT_BUNDLE_IDENTIFIER = com.anshul.sc.Movies;
				PRODUCT_NAME = "$(TARGET_NAME)";
				SWIFT_VERSION = 5.0;
				TARGETED_DEVICE_FAMILY = 1;
			};
			name = Debug;
		};
		D60C3B20251DFAE70090FBDE /* Release */ = {
			isa = XCBuildConfiguration;
			buildSettings = {
				ASSETCATALOG_COMPILER_APPICON_NAME = AppIcon;
				CODE_SIGN_STYLE = Automatic;
				DEVELOPMENT_TEAM = C98H7G22TM;
				INFOPLIST_FILE = Movies/Info.plist;
				IPHONEOS_DEPLOYMENT_TARGET = 13.0;
				LD_RUNPATH_SEARCH_PATHS = (
					"$(inherited)",
					"@executable_path/Frameworks",
				);
				PRODUCT_BUNDLE_IDENTIFIER = com.anshul.sc.Movies;
				PRODUCT_NAME = "$(TARGET_NAME)";
				SWIFT_VERSION = 5.0;
				TARGETED_DEVICE_FAMILY = 1;
			};
			name = Release;
		};
		D60C3B22251DFAE70090FBDE /* Debug */ = {
			isa = XCBuildConfiguration;
			buildSettings = {
				ALWAYS_EMBED_SWIFT_STANDARD_LIBRARIES = YES;
				BUNDLE_LOADER = "$(TEST_HOST)";
				CODE_SIGN_STYLE = Automatic;
				DEVELOPMENT_TEAM = C98H7G22TM;
				INFOPLIST_FILE = MoviesTests/Info.plist;
				IPHONEOS_DEPLOYMENT_TARGET = 13.7;
				LD_RUNPATH_SEARCH_PATHS = (
					"$(inherited)",
					"@executable_path/Frameworks",
					"@loader_path/Frameworks",
				);
				PRODUCT_BUNDLE_IDENTIFIER = com.anshul.sc.MoviesTests;
				PRODUCT_NAME = "$(TARGET_NAME)";
				SWIFT_VERSION = 5.0;
				TARGETED_DEVICE_FAMILY = "1,2";
				TEST_HOST = "$(BUILT_PRODUCTS_DIR)/Movies.app/Movies";
			};
			name = Debug;
		};
		D60C3B23251DFAE70090FBDE /* Release */ = {
			isa = XCBuildConfiguration;
			buildSettings = {
				ALWAYS_EMBED_SWIFT_STANDARD_LIBRARIES = YES;
				BUNDLE_LOADER = "$(TEST_HOST)";
				CODE_SIGN_STYLE = Automatic;
				DEVELOPMENT_TEAM = C98H7G22TM;
				INFOPLIST_FILE = MoviesTests/Info.plist;
				IPHONEOS_DEPLOYMENT_TARGET = 13.7;
				LD_RUNPATH_SEARCH_PATHS = (
					"$(inherited)",
					"@executable_path/Frameworks",
					"@loader_path/Frameworks",
				);
				PRODUCT_BUNDLE_IDENTIFIER = com.anshul.sc.MoviesTests;
				PRODUCT_NAME = "$(TARGET_NAME)";
				SWIFT_VERSION = 5.0;
				TARGETED_DEVICE_FAMILY = "1,2";
				TEST_HOST = "$(BUILT_PRODUCTS_DIR)/Movies.app/Movies";
			};
			name = Release;
		};
		D60C3B25251DFAE70090FBDE /* Debug */ = {
			isa = XCBuildConfiguration;
			buildSettings = {
				ALWAYS_EMBED_SWIFT_STANDARD_LIBRARIES = YES;
				CODE_SIGN_STYLE = Automatic;
				DEVELOPMENT_TEAM = C98H7G22TM;
				INFOPLIST_FILE = MoviesUITests/Info.plist;
				LD_RUNPATH_SEARCH_PATHS = (
					"$(inherited)",
					"@executable_path/Frameworks",
					"@loader_path/Frameworks",
				);
				PRODUCT_BUNDLE_IDENTIFIER = com.anshul.sc.MoviesUITests;
				PRODUCT_NAME = "$(TARGET_NAME)";
				SWIFT_VERSION = 5.0;
				TARGETED_DEVICE_FAMILY = "1,2";
				TEST_TARGET_NAME = Movies;
			};
			name = Debug;
		};
		D60C3B26251DFAE70090FBDE /* Release */ = {
			isa = XCBuildConfiguration;
			buildSettings = {
				ALWAYS_EMBED_SWIFT_STANDARD_LIBRARIES = YES;
				CODE_SIGN_STYLE = Automatic;
				DEVELOPMENT_TEAM = C98H7G22TM;
				INFOPLIST_FILE = MoviesUITests/Info.plist;
				LD_RUNPATH_SEARCH_PATHS = (
					"$(inherited)",
					"@executable_path/Frameworks",
					"@loader_path/Frameworks",
				);
				PRODUCT_BUNDLE_IDENTIFIER = com.anshul.sc.MoviesUITests;
				PRODUCT_NAME = "$(TARGET_NAME)";
				SWIFT_VERSION = 5.0;
				TARGETED_DEVICE_FAMILY = "1,2";
				TEST_TARGET_NAME = Movies;
			};
			name = Release;
		};
/* End XCBuildConfiguration section */

/* Begin XCConfigurationList section */
		D60C3AEF251DFAE20090FBDE /* Build configuration list for PBXProject "Movies" */ = {
			isa = XCConfigurationList;
			buildConfigurations = (
				D60C3B1C251DFAE70090FBDE /* Debug */,
				D60C3B1D251DFAE70090FBDE /* Release */,
			);
			defaultConfigurationIsVisible = 0;
			defaultConfigurationName = Release;
		};
		D60C3B1E251DFAE70090FBDE /* Build configuration list for PBXNativeTarget "Movies" */ = {
			isa = XCConfigurationList;
			buildConfigurations = (
				D60C3B1F251DFAE70090FBDE /* Debug */,
				D60C3B20251DFAE70090FBDE /* Release */,
			);
			defaultConfigurationIsVisible = 0;
			defaultConfigurationName = Release;
		};
		D60C3B21251DFAE70090FBDE /* Build configuration list for PBXNativeTarget "MoviesTests" */ = {
			isa = XCConfigurationList;
			buildConfigurations = (
				D60C3B22251DFAE70090FBDE /* Debug */,
				D60C3B23251DFAE70090FBDE /* Release */,
			);
			defaultConfigurationIsVisible = 0;
			defaultConfigurationName = Release;
		};
		D60C3B24251DFAE70090FBDE /* Build configuration list for PBXNativeTarget "MoviesUITests" */ = {
			isa = XCConfigurationList;
			buildConfigurations = (
				D60C3B25251DFAE70090FBDE /* Debug */,
				D60C3B26251DFAE70090FBDE /* Release */,
			);
			defaultConfigurationIsVisible = 0;
			defaultConfigurationName = Release;
		};
/* End XCConfigurationList section */
	};
	rootObject = D60C3AEC251DFAE20090FBDE /* Project object */;
}
